
Microsoft Visual Studio Solution File, Format Version 12.00
# Visual Studio Version 16
VisualStudioVersion = 16.0.30717.126
MinimumVisualStudioVersion = 10.0.40219.1
Project("{9A19103F-16F7-4668-BE54-9A1E7A4F7556}") = "GeoMapper", "GeoMapperServer\GeoMapper.csproj", "{32BDB096-0BBF-4349-86F0-2591D5B00454}"
EndProject
Project("{9A19103F-16F7-4668-BE54-9A1E7A4F7556}") = "OSMProxyService", "OSMProxyService\OSMProxyService.csproj", "{726E7DB1-8D81-4B21-A9EE-8286253AAC95}"
EndProject
Global
	GlobalSection(SolutionConfigurationPlatforms) = preSolution
		Debug|Any CPU = Debug|Any CPU
		Release|Any CPU = Release|Any CPU
	EndGlobalSection
	GlobalSection(ProjectConfigurationPlatforms) = postSolution
		{32BDB096-0BBF-4349-86F0-2591D5B00454}.Debug|Any CPU.ActiveCfg = Debug|Any CPU
		{32BDB096-0BBF-4349-86F0-2591D5B00454}.Debug|Any CPU.Build.0 = Debug|Any CPU
		{32BDB096-0BBF-4349-86F0-2591D5B00454}.Release|Any CPU.ActiveCfg = Release|Any CPU
		{32BDB096-0BBF-4349-86F0-2591D5B00454}.Release|Any CPU.Build.0 = Release|Any CPU
		{726E7DB1-8D81-4B21-A9EE-8286253AAC95}.Debug|Any CPU.ActiveCfg = Debug|Any CPU
		{726E7DB1-8D81-4B21-A9EE-8286253AAC95}.Debug|Any CPU.Build.0 = Debug|Any CPU
		{726E7DB1-8D81-4B21-A9EE-8286253AAC95}.Release|Any CPU.ActiveCfg = Release|Any CPU
		{726E7DB1-8D81-4B21-A9EE-8286253AAC95}.Release|Any CPU.Build.0 = Release|Any CPU
	EndGlobalSection
	GlobalSection(SolutionProperties) = preSolution
		HideSolutionNode = FALSE
	EndGlobalSection
	GlobalSection(ExtensibilityGlobals) = postSolution
		SolutionGuid = {868C8B71-98DF-410F-A6A2-0058CD17972C}
	EndGlobalSection
EndGlobal
